
Microsoft Visual Studio Solution File, Format Version 12.00
Project("{FAE04EC0-301F-11D3-BF4B-00C04F79EFBC}") = "Bliss", "src\Bliss\Bliss.csproj", "{EE55D025-7E93-494C-BE9D-87DA3D9DC173}"
EndProject
Project("{FAE04EC0-301F-11D3-BF4B-00C04F79EFBC}") = "Bliss.Test", "src\Bliss.Test\Bliss.Test.csproj", "{85CB14EA-B24E-4CD4-9E72-2DD543AE845C}"
EndProject
Global
	GlobalSection(SolutionConfigurationPlatforms) = preSolution
		Debug|Any CPU = Debug|Any CPU
		Release|Any CPU = Release|Any CPU
	EndGlobalSection
	GlobalSection(ProjectConfigurationPlatforms) = postSolution
		{EE55D025-7E93-494C-BE9D-87DA3D9DC173}.Debug|Any CPU.ActiveCfg = Debug|Any CPU
		{EE55D025-7E93-494C-BE9D-87DA3D9DC173}.Debug|Any CPU.Build.0 = Debug|Any CPU
		{EE55D025-7E93-494C-BE9D-87DA3D9DC173}.Release|Any CPU.ActiveCfg = Release|Any CPU
		{EE55D025-7E93-494C-BE9D-87DA3D9DC173}.Release|Any CPU.Build.0 = Release|Any CPU
		{85CB14EA-B24E-4CD4-9E72-2DD543AE845C}.Debug|Any CPU.ActiveCfg = Debug|Any CPU
		{85CB14EA-B24E-4CD4-9E72-2DD543AE845C}.Debug|Any CPU.Build.0 = Debug|Any CPU
		{85CB14EA-B24E-4CD4-9E72-2DD543AE845C}.Release|Any CPU.ActiveCfg = Release|Any CPU
		{85CB14EA-B24E-4CD4-9E72-2DD543AE845C}.Release|Any CPU.Build.0 = Release|Any CPU
	EndGlobalSection
EndGlobal
